
Microsoft Visual Studio Solution File, Format Version 11.00
# Visual Studio 2010
Project("{FAE04EC0-301F-11D3-BF4B-00C04F79EFBC}") = "MicBuddy.Android", "MicBuddy.Android.csproj", "{2CA808B0-9F0C-402C-9BE2-D23B11BE0B10}"
EndProject
Global
	GlobalSection(SolutionConfigurationPlatforms) = preSolution
		Debug|Any CPU = Debug|Any CPU
		Release|Any CPU = Release|Any CPU
	EndGlobalSection
	GlobalSection(ProjectConfigurationPlatforms) = postSolution
		{2CA808B0-9F0C-402C-9BE2-D23B11BE0B10}.Debug|Any CPU.ActiveCfg = Debug|Any CPU
		{2CA808B0-9F0C-402C-9BE2-D23B11BE0B10}.Debug|Any CPU.Build.0 = Debug|Any CPU
		{2CA808B0-9F0C-402C-9BE2-D23B11BE0B10}.Release|Any CPU.ActiveCfg = Release|Any CPU
		{2CA808B0-9F0C-402C-9BE2-D23B11BE0B10}.Release|Any CPU.Build.0 = Release|Any CPU
	EndGlobalSection
	GlobalSection(MonoDevelopProperties) = preSolution
		StartupItem = MicBuddy.Android.csproj
	EndGlobalSection
EndGlobal
